
Microsoft Visual Studio Solution File, Format Version 12.00
# Visual Studio Version 17
VisualStudioVersion = 17.8.34309.116
MinimumVisualStudioVersion = 10.0.40219.1
Project("{9A19103F-16F7-4668-BE54-9A1E7A4F7556}") = "DummyLibrary", "DummyLibrary\DummyLibrary.csproj", "{1EC3C513-9197-47EC-8EB4-1D6E54DC3E26}"
EndProject
Project("{FAE04EC0-301F-11D3-BF4B-00C04F79EFBC}") = "SecondaryLibrary", "SecondaryLibrary\SecondaryLibrary.csproj", "{87374FEE-AF38-4B16-8878-1ACF83AF4C06}"
EndProject
Global
	GlobalSection(SolutionConfigurationPlatforms) = preSolution
		Debug|Any CPU = Debug|Any CPU
		Release|Any CPU = Release|Any CPU
	EndGlobalSection
	GlobalSection(ProjectConfigurationPlatforms) = postSolution
		{1EC3C513-9197-47EC-8EB4-1D6E54DC3E26}.Debug|Any CPU.ActiveCfg = Debug|Any CPU
		{1EC3C513-9197-47EC-8EB4-1D6E54DC3E26}.Debug|Any CPU.Build.0 = Debug|Any CPU
		{1EC3C513-9197-47EC-8EB4-1D6E54DC3E26}.Release|Any CPU.ActiveCfg = Release|Any CPU
		{1EC3C513-9197-47EC-8EB4-1D6E54DC3E26}.Release|Any CPU.Build.0 = Release|Any CPU
		{87374FEE-AF38-4B16-8878-1ACF83AF4C06}.Debug|Any CPU.ActiveCfg = Debug|Any CPU
		{87374FEE-AF38-4B16-8878-1ACF83AF4C06}.Debug|Any CPU.Build.0 = Debug|Any CPU
		{87374FEE-AF38-4B16-8878-1ACF83AF4C06}.Release|Any CPU.ActiveCfg = Release|Any CPU
		{87374FEE-AF38-4B16-8878-1ACF83AF4C06}.Release|Any CPU.Build.0 = Release|Any CPU
	EndGlobalSection
	GlobalSection(SolutionProperties) = preSolution
		HideSolutionNode = FALSE
	EndGlobalSection
	GlobalSection(ExtensibilityGlobals) = postSolution
		SolutionGuid = {A24AD1A0-1E50-4B35-8C22-E113CA9D0624}
	EndGlobalSection
EndGlobal
